{
  "version": 1,
  "dependencies": {
    "net10.0": {
      "Markdig": {
        "type": "Transitive",
        "resolved": "1.3.2",
        "contentHash": "fZgOC/3CswUrndjDTac70aQpYdtxbW5+5bRumR7vzvI2HJbkmgKisB1c9oT+GA6v0jB/JDR9BLa9FiPzQmaK6A=="
      },
      "Microsoft.Data.Sqlite.Core": {
        "type": "Transitive",
        "resolved": "10.0.9",
        "contentHash": "iZrONyMKPjxfVZnUktqO30QjzNwAGH+AxM61s8lKQnVhgbQ3bn0hiXI129ZmVicEbIcwljyy2OVsIYUR51ZHKQ==",
        "dependencies": {
          "SQLitePCLRaw.core": "2.1.11"
        }
      },
      "Microsoft.EntityFrameworkCore": {
        "type": "Transitive",
        "resolved": "10.0.9",
        "contentHash": "tu85SRzOT021V7EQlViCiAE7TqldVn469Y6lt5TEn/+XC4/MeNCHgMRSxqYuWqvF4zAQZUhCmtNEZuM3ss4LeA==",
        "dependencies": {
          "Microsoft.EntityFrameworkCore.Abstractions": "10.0.9",
          "Microsoft.EntityFrameworkCore.Analyzers": "10.0.9"
        }
      },
      "Microsoft.EntityFrameworkCore.Abstractions": {
        "type": "Transitive",
        "resolved": "10.0.9",
        "contentHash": "GRMaiPkqYna/gCsyDffYDWmefGPC3hDrdMw+2rrGcQwhs6uZOsaMQXMJnoXQ35tx9SkBV2ieRRU9N/jLOO6BZw=="
      },
      "Microsoft.EntityFrameworkCore.Analyzers": {
        "type": "Transitive",
        "resolved": "10.0.9",
        "contentHash": "aiEFB+C5EsZGqxvMPazE07hbWsp4iPaufJpanGt5O+lrwv7mJLrqma5haVIgFAPCyhQkmk75XSCEubT1zUjxtA=="
      },
      "Microsoft.EntityFrameworkCore.Relational": {
        "type": "Transitive",
        "resolved": "10.0.9",
        "contentHash": "dEoyYKgiaZHHgOFm1WMWm1sFEsEuhPWufX4L9PekKtqd/RaIcPjkCjvbrVvJtApErb5wPSJhYvnTlxhH+p9h2g==",
        "dependencies": {
          "Microsoft.EntityFrameworkCore": "10.0.9"
        }
      },
      "Microsoft.EntityFrameworkCore.Sqlite": {
        "type": "Transitive",
        "resolved": "10.0.9",
        "contentHash": "HH9/nnRF/YmRrc3hUlgXjMBYKH5kFmd5UWC81l9U0ySQhwHTcgvDPSewB8DyQHzFJzNGgG7VFK6ynC6+XQz9WA==",
        "dependencies": {
          "Microsoft.EntityFrameworkCore.Sqlite.Core": "10.0.9",
          "Microsoft.Extensions.DependencyModel": "10.0.9",
          "SQLitePCLRaw.bundle_e_sqlite3": "2.1.11",
          "SQLitePCLRaw.core": "2.1.11"
        }
      },
      "Microsoft.EntityFrameworkCore.Sqlite.Core": {
        "type": "Transitive",
        "resolved": "10.0.9",
        "contentHash": "3bPEmACAaPJJSw+m5XwTSi3yZnVtaifa4d8gLsNMzW0Qu28jS5kADSfgJRBlq49RJ1K098VCzEDRJwM8gE6f2w==",
        "dependencies": {
          "Microsoft.Data.Sqlite.Core": "10.0.9",
          "Microsoft.EntityFrameworkCore.Relational": "10.0.9",
          "Microsoft.Extensions.DependencyModel": "10.0.9",
          "SQLitePCLRaw.core": "2.1.11"
        }
      },
      "Microsoft.Extensions.DependencyModel": {
        "type": "Transitive",
        "resolved": "10.0.9",
        "contentHash": "SCDTQ6HubnRvTUjR7dgMKHZvNoCb03t44ttHL8trlFTGgfDteWn/0nRdOxDhcI+lTWhKgd/flCVJEtAOPhSLNg=="
      },
      "Microsoft.OpenApi": {
        "type": "Transitive",
        "resolved": "3.7.0",
        "contentHash": "7Ld/wUsxSEKBjAk8nPZ13qkju5kNoh20gf0JHPeHrK41tMZRpIq9amXFAOHncicjg0U5M035I+6/z3cBsYBHfg=="
      },
      "Microsoft.OpenApi.YamlReader": {
        "type": "Transitive",
        "resolved": "3.7.0",
        "contentHash": "+KSHfoEiXDFmCeIG6T5xAuYNFulwfxxBh4AJOY6dvGrDeFVV4eL4/xP/RNEaFYvcSZpLkj3ZoQ8Vn3vtUViu5g==",
        "dependencies": {
          "Microsoft.OpenApi": "3.7.0",
          "SharpYaml": "2.1.4"
        }
      },
      "Newtonsoft.Json": {
        "type": "Transitive",
        "resolved": "13.0.3",
        "contentHash": "HrC5BXdl00IP9zeV+0Z848QWPAoCr9P3bDEZguI+gkLcBKAOxix/tLEAAHC+UvDNPv4a2d18lOReHMOagPa+zQ=="
      },
      "Newtonsoft.Json.Schema": {
        "type": "Transitive",
        "resolved": "4.0.1",
        "contentHash": "rbHUKp5WTIbqmLEeJ21nTTDGcfR0LA7bVMzm0bYc3yx6NFKiCIHzzvYbwA4Sqgs7+wNldc5nBlkbithWj8IZig==",
        "dependencies": {
          "Newtonsoft.Json": "13.0.3"
        }
      },
      "Scriban": {
        "type": "Transitive",
        "resolved": "7.2.5",
        "contentHash": "6HDyv0P6PVdx/prWM3Aw0QHAT/DCpkBxOovZ2iPIH4L4ZvJ13JNYJgyUI+xJ5K2agXreYTBe23AL5ZQNTqJQvA=="
      },
      "SharpYaml": {
        "type": "Transitive",
        "resolved": "2.1.4",
        "contentHash": "/iwULhVBpTjD4wPZhLU+eUWBanDvri/2AGx5YbaAj5kp9kXzhqUfJEy56H5Yi+c+OXsdm/oKD1aTKB24BFp8cw=="
      },
      "SQLitePCLRaw.bundle_e_sqlite3": {
        "type": "Transitive",
        "resolved": "2.1.11",
        "contentHash": "DC4nA7yWnf4UZdgJDF+9Mus4/cb0Y3Sfgi3gDnAoKNAIBwzkskNAbNbyu+u4atT0ruVlZNJfwZmwiEwE5oz9LQ==",
        "dependencies": {
          "SQLitePCLRaw.lib.e_sqlite3": "2.1.11",
          "SQLitePCLRaw.provider.e_sqlite3": "2.1.11"
        }
      },
      "SQLitePCLRaw.core": {
        "type": "Transitive",
        "resolved": "2.1.11",
        "contentHash": "PK0GLFkfhZzLQeR3PJf71FmhtHox+U3vcY6ZtswoMjrefkB9k6ErNJEnwXqc5KgXDSjige2XXrezqS39gkpQKA=="
      },
      "SQLitePCLRaw.lib.e_sqlite3": {
        "type": "Transitive",
        "resolved": "2.1.11",
        "contentHash": "Ev2ytaXiOlWZ4b3R67GZBsemTINslLD1DCJr2xiacpn4tbapu0Q4dHEzSvZSMnVWeE5nlObU3VZN2p81q3XOYQ=="
      },
      "SQLitePCLRaw.provider.e_sqlite3": {
        "type": "Transitive",
        "resolved": "2.1.11",
        "contentHash": "Y/0ZkR+r0Cg3DQFuCl1RBnv/tmxpIZRU3HUvelPw6MVaKHwYYR8YNvgs0vuNuXCMvlyJ+Fh88U1D4tah1tt6qw==",
        "dependencies": {
          "SQLitePCLRaw.core": "2.1.11"
        }
      },
      "System.CommandLine": {
        "type": "Transitive",
        "resolved": "2.0.9",
        "contentHash": "SW0WhEk4NFVZ4lOnsLrHQOV/7s0eTidezNybHQWXfqhuXWB17X3RXbrifeWBbUx1iu+NcYchVSufmW7svjUEnA=="
      },
      "YamlDotNet": {
        "type": "Transitive",
        "resolved": "18.0.0",
        "contentHash": "ptHVgcYmLejGuWXV7RMFoEqFKYMXnieOlWLPzEslfDtzZ9ngMhjYwykfqjBN2+fMEAEyobozkj07lKEpR4dssA=="
      },
      "devproxy.abstractions": {
        "type": "Project",
        "dependencies": {
          "Markdig": "[1.3.2, )",
          "Microsoft.EntityFrameworkCore.Sqlite": "[10.0.9, )",
          "Microsoft.OpenApi": "[3.7.0, )",
          "Microsoft.OpenApi.YamlReader": "[3.7.0, )",
          "Newtonsoft.Json.Schema": "[4.0.1, )",
          "Scriban": "[7.2.5, )",
          "System.CommandLine": "[2.0.9, )",
          "YamlDotNet": "[18.0.0, )"
        }
      }
    }
  }
}